Microsoft Visual Studio Solution File, Format Version 12.00
# Visual Studio Version 17
VisualStudioVersion = 17.5.2.0
MinimumVisualStudioVersion = 10.0.40219.1
Project("{FAE04EC0-301F-11D3-BF4B-00C04F79EFBC}") = "Programming", "Programming.csproj", "{3F11EDA3-262F-8CC0-8895-B4A670EBBC60}"
EndProject
Global
	GlobalSection(SolutionConfigurationPlatforms) = preSolution
		Debug|Any CPU = Debug|Any CPU
		Release|Any CPU = Release|Any CPU
	EndGlobalSection
	GlobalSection(ProjectConfigurationPlatforms) = postSolution
		{3F11EDA3-262F-8CC0-8895-B4A670EBBC60}.Debug|Any CPU.ActiveCfg = Debug|Any CPU
		{3F11EDA3-262F-8CC0-8895-B4A670EBBC60}.Debug|Any CPU.Build.0 = Debug|Any CPU
		{3F11EDA3-262F-8CC0-8895-B4A670EBBC60}.Release|Any CPU.ActiveCfg = Release|Any CPU
		{3F11EDA3-262F-8CC0-8895-B4A670EBBC60}.Release|Any CPU.Build.0 = Release|Any CPU
	EndGlobalSection
	GlobalSection(SolutionProperties) = preSolution
		HideSolutionNode = FALSE
	EndGlobalSection
	GlobalSection(ExtensibilityGlobals) = postSolution
		SolutionGuid = {B306BD7B-7F5E-4A61-8D62-4BE03F4079EC}
	EndGlobalSection
EndGlobal
